
Microsoft Visual Studio Solution File, Format Version 12.00
# Visual Studio Express 2012 for Windows Desktop
Project("{8BC9CEB8-8B4A-11D0-8D11-00A0C91BC942}") = "labeler", "labeler\labeler.vcxproj", "{59AFEF43-DC88-42EE-86BF-39CB21CFC9D9}"
EndProject
Project("{8BC9CEB8-8B4A-11D0-8D11-00A0C91BC942}") = "n-gram", "n-gram\n-gram.vcxproj", "{A7314B00-5F30-4109-98B8-45BF45EB905E}"
EndProject
Project("{8BC9CEB8-8B4A-11D0-8D11-00A0C91BC942}") = "hmm", "hmm\hmm.vcxproj", "{F73DCF6E-1150-43B4-87E3-1B193D2C7A62}"
EndProject
Global
	GlobalSection(SolutionConfigurationPlatforms) = preSolution
		Debug|Mixed Platforms = Debug|Mixed Platforms
		Debug|Win32 = Debug|Win32
		Debug|x64 = Debug|x64
		Release|Mixed Platforms = Release|Mixed Platforms
		Release|Win32 = Release|Win32
		Release|x64 = Release|x64
	EndGlobalSection
	GlobalSection(ProjectConfigurationPlatforms) = postSolution
		{59AFEF43-DC88-42EE-86BF-39CB21CFC9D9}.Debug|Mixed Platforms.ActiveCfg = Debug|Win32
		{59AFEF43-DC88-42EE-86BF-39CB21CFC9D9}.Debug|Mixed Platforms.Build.0 = Debug|Win32
		{59AFEF43-DC88-42EE-86BF-39CB21CFC9D9}.Debug|Win32.ActiveCfg = Debug|Win32
		{59AFEF43-DC88-42EE-86BF-39CB21CFC9D9}.Debug|Win32.Build.0 = Debug|Win32
		{59AFEF43-DC88-42EE-86BF-39CB21CFC9D9}.Debug|x64.ActiveCfg = Debug|x64
		{59AFEF43-DC88-42EE-86BF-39CB21CFC9D9}.Debug|x64.Build.0 = Debug|x64
		{59AFEF43-DC88-42EE-86BF-39CB21CFC9D9}.Release|Mixed Platforms.ActiveCfg = Release|Win32
		{59AFEF43-DC88-42EE-86BF-39CB21CFC9D9}.Release|Mixed Platforms.Build.0 = Release|Win32
		{59AFEF43-DC88-42EE-86BF-39CB21CFC9D9}.Release|Win32.ActiveCfg = Release|Win32
		{59AFEF43-DC88-42EE-86BF-39CB21CFC9D9}.Release|Win32.Build.0 = Release|Win32
		{59AFEF43-DC88-42EE-86BF-39CB21CFC9D9}.Release|x64.ActiveCfg = Release|x64
		{A7314B00-5F30-4109-98B8-45BF45EB905E}.Debug|Mixed Platforms.ActiveCfg = Debug|Win32
		{A7314B00-5F30-4109-98B8-45BF45EB905E}.Debug|Mixed Platforms.Build.0 = Debug|Win32
		{A7314B00-5F30-4109-98B8-45BF45EB905E}.Debug|Win32.ActiveCfg = Debug|Win32
		{A7314B00-5F30-4109-98B8-45BF45EB905E}.Debug|Win32.Build.0 = Debug|Win32
		{A7314B00-5F30-4109-98B8-45BF45EB905E}.Debug|x64.ActiveCfg = Debug|Win32
		{A7314B00-5F30-4109-98B8-45BF45EB905E}.Release|Mixed Platforms.ActiveCfg = Release|Win32
		{A7314B00-5F30-4109-98B8-45BF45EB905E}.Release|Mixed Platforms.Build.0 = Release|Win32
		{A7314B00-5F30-4109-98B8-45BF45EB905E}.Release|Win32.ActiveCfg = Release|Win32
		{A7314B00-5F30-4109-98B8-45BF45EB905E}.Release|Win32.Build.0 = Release|Win32
		{A7314B00-5F30-4109-98B8-45BF45EB905E}.Release|x64.ActiveCfg = Release|Win32
		{F73DCF6E-1150-43B4-87E3-1B193D2C7A62}.Debug|Mixed Platforms.ActiveCfg = Debug|Win32
		{F73DCF6E-1150-43B4-87E3-1B193D2C7A62}.Debug|Mixed Platforms.Build.0 = Debug|Win32
		{F73DCF6E-1150-43B4-87E3-1B193D2C7A62}.Debug|Win32.ActiveCfg = Debug|Win32
		{F73DCF6E-1150-43B4-87E3-1B193D2C7A62}.Debug|Win32.Build.0 = Debug|Win32
		{F73DCF6E-1150-43B4-87E3-1B193D2C7A62}.Debug|x64.ActiveCfg = Debug|Win32
		{F73DCF6E-1150-43B4-87E3-1B193D2C7A62}.Release|Mixed Platforms.ActiveCfg = Release|Win32
		{F73DCF6E-1150-43B4-87E3-1B193D2C7A62}.Release|Mixed Platforms.Build.0 = Release|Win32
		{F73DCF6E-1150-43B4-87E3-1B193D2C7A62}.Release|Win32.ActiveCfg = Release|Win32
		{F73DCF6E-1150-43B4-87E3-1B193D2C7A62}.Release|Win32.Build.0 = Release|Win32
		{F73DCF6E-1150-43B4-87E3-1B193D2C7A62}.Release|x64.ActiveCfg = Release|Win32
	EndGlobalSection
	GlobalSection(SolutionProperties) = preSolution
		HideSolutionNode = FALSE
	EndGlobalSection
EndGlobal
